
Microsoft Visual Studio Solution File, Format Version 12.00
# Visual Studio Version 17
VisualStudioVersion = 17.1.32210.238
MinimumVisualStudioVersion = 10.0.40219.1
Project("{8BC9CEB8-8B4A-11D0-8D11-00A0C91BC942}") = "Pascal_compiler", "Pascal_compiler\Pascal_compiler.vcxproj", "{66C063FC-36E6-45B3-B30D-75965273FEB4}"
EndProject
Project("{8BC9CEB8-8B4A-11D0-8D11-00A0C91BC942}") = "Run_assembler_code", "Run_assembler_code\Run_assembler_code.vcxproj", "{D17C01BA-BECD-4733-B8B8-660063F1B285}"
EndProject
Global
	GlobalSection(SolutionConfigurationPlatforms) = preSolution
		Debug|x64 = Debug|x64
		Debug|x86 = Debug|x86
		Release|x64 = Release|x64
		Release|x86 = Release|x86
	EndGlobalSection
	GlobalSection(ProjectConfigurationPlatforms) = postSolution
		{66C063FC-36E6-45B3-B30D-75965273FEB4}.Debug|x64.ActiveCfg = Debug|x64
		{66C063FC-36E6-45B3-B30D-75965273FEB4}.Debug|x64.Build.0 = Debug|x64
		{66C063FC-36E6-45B3-B30D-75965273FEB4}.Debug|x86.ActiveCfg = Debug|Win32
		{66C063FC-36E6-45B3-B30D-75965273FEB4}.Debug|x86.Build.0 = Debug|Win32
		{66C063FC-36E6-45B3-B30D-75965273FEB4}.Release|x64.ActiveCfg = Release|x64
		{66C063FC-36E6-45B3-B30D-75965273FEB4}.Release|x64.Build.0 = Release|x64
		{66C063FC-36E6-45B3-B30D-75965273FEB4}.Release|x86.ActiveCfg = Release|Win32
		{66C063FC-36E6-45B3-B30D-75965273FEB4}.Release|x86.Build.0 = Release|Win32
		{D17C01BA-BECD-4733-B8B8-660063F1B285}.Debug|x64.ActiveCfg = Debug|x64
		{D17C01BA-BECD-4733-B8B8-660063F1B285}.Debug|x64.Build.0 = Debug|x64
		{D17C01BA-BECD-4733-B8B8-660063F1B285}.Debug|x86.ActiveCfg = Debug|Win32
		{D17C01BA-BECD-4733-B8B8-660063F1B285}.Debug|x86.Build.0 = Debug|Win32
		{D17C01BA-BECD-4733-B8B8-660063F1B285}.Release|x64.ActiveCfg = Release|x64
		{D17C01BA-BECD-4733-B8B8-660063F1B285}.Release|x64.Build.0 = Release|x64
		{D17C01BA-BECD-4733-B8B8-660063F1B285}.Release|x86.ActiveCfg = Release|Win32
		{D17C01BA-BECD-4733-B8B8-660063F1B285}.Release|x86.Build.0 = Release|Win32
	EndGlobalSection
	GlobalSection(SolutionProperties) = preSolution
		HideSolutionNode = FALSE
	EndGlobalSection
	GlobalSection(ExtensibilityGlobals) = postSolution
		SolutionGuid = {3143A9DC-F9D6-4177-98DD-B197AD3A2478}
	EndGlobalSection
EndGlobal
